
Microsoft Visual Studio Solution File, Format Version 12.00
# Visual Studio Version 17
VisualStudioVersion = 17.14.36511.14 d17.14
MinimumVisualStudioVersion = 10.0.40219.1
Project("{FAE04EC0-301F-11D3-BF4B-00C04F79EFBC}") = "PostgreDay", "PostgreDay\PostgreDay.csproj", "{1E69D99B-D5EF-4C20-BD80-2E9A5A212AD2}"
EndProject
Global
	GlobalSection(SolutionConfigurationPlatforms) = preSolution
		Debug|Any CPU = Debug|Any CPU
		Release|Any CPU = Release|Any CPU
	EndGlobalSection
	GlobalSection(ProjectConfigurationPlatforms) = postSolution
		{1E69D99B-D5EF-4C20-BD80-2E9A5A212AD2}.Debug|Any CPU.ActiveCfg = Debug|Any CPU
		{1E69D99B-D5EF-4C20-BD80-2E9A5A212AD2}.Debug|Any CPU.Build.0 = Debug|Any CPU
		{1E69D99B-D5EF-4C20-BD80-2E9A5A212AD2}.Release|Any CPU.ActiveCfg = Release|Any CPU
		{1E69D99B-D5EF-4C20-BD80-2E9A5A212AD2}.Release|Any CPU.Build.0 = Release|Any CPU
	EndGlobalSection
	GlobalSection(SolutionProperties) = preSolution
		HideSolutionNode = FALSE
	EndGlobalSection
	GlobalSection(ExtensibilityGlobals) = postSolution
		SolutionGuid = {848CB949-AC8B-4930-BCFC-F43C912365CB}
	EndGlobalSection
EndGlobal
